Microsoft Visual Studio Solution File, Format Version 12.00
# Visual Studio Version 17
VisualStudioVersion = 17.5.2.0
MinimumVisualStudioVersion = 10.0.40219.1
Project("{FAE04EC0-301F-11D3-BF4B-00C04F79EFBC}") = "(2.6)CalendarPart5", "(2.6)CalendarPart5.csproj", "{EDBC432D-6EF1-65ED-D8C1-5067AA243B22}"
EndProject
Global
	GlobalSection(SolutionConfigurationPlatforms) = preSolution
		Debug|Any CPU = Debug|Any CPU
		Release|Any CPU = Release|Any CPU
	EndGlobalSection
	GlobalSection(ProjectConfigurationPlatforms) = postSolution
		{EDBC432D-6EF1-65ED-D8C1-5067AA243B22}.Debug|Any CPU.ActiveCfg = Debug|Any CPU
		{EDBC432D-6EF1-65ED-D8C1-5067AA243B22}.Debug|Any CPU.Build.0 = Debug|Any CPU
		{EDBC432D-6EF1-65ED-D8C1-5067AA243B22}.Release|Any CPU.ActiveCfg = Release|Any CPU
		{EDBC432D-6EF1-65ED-D8C1-5067AA243B22}.Release|Any CPU.Build.0 = Release|Any CPU
	EndGlobalSection
	GlobalSection(SolutionProperties) = preSolution
		HideSolutionNode = FALSE
	EndGlobalSection
	GlobalSection(ExtensibilityGlobals) = postSolution
		SolutionGuid = {8B0A8E1F-E9D5-4324-8CE5-CAA2CB283F03}
	EndGlobalSection
EndGlobal
