Microsoft Visual Studio Solution File, Format Version 12.00
# Visual Studio Version 17
VisualStudioVersion = 17.5.2.0
MinimumVisualStudioVersion = 10.0.40219.1
Project("{FAE04EC0-301F-11D3-BF4B-00C04F79EFBC}") = "(2.7)Part8", "(2.7)Part8.csproj", "{494105E7-696F-3554-F003-835D9F70D685}"
EndProject
Global
	GlobalSection(SolutionConfigurationPlatforms) = preSolution
		Debug|Any CPU = Debug|Any CPU
		Release|Any CPU = Release|Any CPU
	EndGlobalSection
	GlobalSection(ProjectConfigurationPlatforms) = postSolution
		{494105E7-696F-3554-F003-835D9F70D685}.Debug|Any CPU.ActiveCfg = Debug|Any CPU
		{494105E7-696F-3554-F003-835D9F70D685}.Debug|Any CPU.Build.0 = Debug|Any CPU
		{494105E7-696F-3554-F003-835D9F70D685}.Release|Any CPU.ActiveCfg = Release|Any CPU
		{494105E7-696F-3554-F003-835D9F70D685}.Release|Any CPU.Build.0 = Release|Any CPU
	EndGlobalSection
	GlobalSection(SolutionProperties) = preSolution
		HideSolutionNode = FALSE
	EndGlobalSection
	GlobalSection(ExtensibilityGlobals) = postSolution
		SolutionGuid = {B0183AD8-D521-4644-9276-5D650EBFFCE6}
	EndGlobalSection
EndGlobal
