Microsoft Visual Studio Solution File, Format Version 12.00
# Visual Studio Version 17
VisualStudioVersion = 17.5.2.0
MinimumVisualStudioVersion = 10.0.40219.1
Project("{FAE04EC0-301F-11D3-BF4B-00C04F79EFBC}") = "(2.10)Part8", "(2.10)Part8.csproj", "{08354864-392A-09D1-AB6D-9A42318A0878}"
EndProject
Global
	GlobalSection(SolutionConfigurationPlatforms) = preSolution
		Debug|Any CPU = Debug|Any CPU
		Release|Any CPU = Release|Any CPU
	EndGlobalSection
	GlobalSection(ProjectConfigurationPlatforms) = postSolution
		{08354864-392A-09D1-AB6D-9A42318A0878}.Debug|Any CPU.ActiveCfg = Debug|Any CPU
		{08354864-392A-09D1-AB6D-9A42318A0878}.Debug|Any CPU.Build.0 = Debug|Any CPU
		{08354864-392A-09D1-AB6D-9A42318A0878}.Release|Any CPU.ActiveCfg = Release|Any CPU
		{08354864-392A-09D1-AB6D-9A42318A0878}.Release|Any CPU.Build.0 = Release|Any CPU
	EndGlobalSection
	GlobalSection(SolutionProperties) = preSolution
		HideSolutionNode = FALSE
	EndGlobalSection
	GlobalSection(ExtensibilityGlobals) = postSolution
		SolutionGuid = {0FB20D70-1490-419F-BABD-D0854D25B77E}
	EndGlobalSection
EndGlobal
