Microsoft Visual Studio Solution File, Format Version 12.00
# Visual Studio Version 17
VisualStudioVersion = 17.5.2.0
MinimumVisualStudioVersion = 10.0.40219.1
Project("{FAE04EC0-301F-11D3-BF4B-00C04F79EFBC}") = "(2.6)MoreasciiiArgPart3&Part4", "(2.6)MoreasciiiArgPart3&Part4.csproj", "{9EC7C2BF-3E00-B8C3-2ED9-7E6EB00411DB}"
EndProject
Global
	GlobalSection(SolutionConfigurationPlatforms) = preSolution
		Debug|Any CPU = Debug|Any CPU
		Release|Any CPU = Release|Any CPU
	EndGlobalSection
	GlobalSection(ProjectConfigurationPlatforms) = postSolution
		{9EC7C2BF-3E00-B8C3-2ED9-7E6EB00411DB}.Debug|Any CPU.ActiveCfg = Debug|Any CPU
		{9EC7C2BF-3E00-B8C3-2ED9-7E6EB00411DB}.Debug|Any CPU.Build.0 = Debug|Any CPU
		{9EC7C2BF-3E00-B8C3-2ED9-7E6EB00411DB}.Release|Any CPU.ActiveCfg = Release|Any CPU
		{9EC7C2BF-3E00-B8C3-2ED9-7E6EB00411DB}.Release|Any CPU.Build.0 = Release|Any CPU
	EndGlobalSection
	GlobalSection(SolutionProperties) = preSolution
		HideSolutionNode = FALSE
	EndGlobalSection
	GlobalSection(ExtensibilityGlobals) = postSolution
		SolutionGuid = {AF559A02-E38A-4BB0-B916-0A0DBA48A0B8}
	EndGlobalSection
EndGlobal
