Microsoft Visual Studio Solution File, Format Version 12.00
# Visual Studio Version 17
VisualStudioVersion = 17.5.2.0
MinimumVisualStudioVersion = 10.0.40219.1
Project("{FAE04EC0-301F-11D3-BF4B-00C04F79EFBC}") = "(2.4)TrianglesPart1", "(2.4)TrianglesPart1.csproj", "{4A487D9E-7727-C0A4-54C5-65170692C169}"
EndProject
Global
	GlobalSection(SolutionConfigurationPlatforms) = preSolution
		Debug|Any CPU = Debug|Any CPU
		Release|Any CPU = Release|Any CPU
	EndGlobalSection
	GlobalSection(ProjectConfigurationPlatforms) = postSolution
		{4A487D9E-7727-C0A4-54C5-65170692C169}.Debug|Any CPU.ActiveCfg = Debug|Any CPU
		{4A487D9E-7727-C0A4-54C5-65170692C169}.Debug|Any CPU.Build.0 = Debug|Any CPU
		{4A487D9E-7727-C0A4-54C5-65170692C169}.Release|Any CPU.ActiveCfg = Release|Any CPU
		{4A487D9E-7727-C0A4-54C5-65170692C169}.Release|Any CPU.Build.0 = Release|Any CPU
	EndGlobalSection
	GlobalSection(SolutionProperties) = preSolution
		HideSolutionNode = FALSE
	EndGlobalSection
	GlobalSection(ExtensibilityGlobals) = postSolution
		SolutionGuid = {A0A222E4-7B24-4FB3-9354-A0DD4A9A05D5}
	EndGlobalSection
EndGlobal
