Microsoft Visual Studio Solution File, Format Version 12.00
# Visual Studio Version 17
VisualStudioVersion = 17.5.2.0
MinimumVisualStudioVersion = 10.0.40219.1
Project("{FAE04EC0-301F-11D3-BF4B-00C04F79EFBC}") = "(2.7)Part2", "(2.7)Part2.csproj", "{7FB8EC25-B002-B45A-06BF-1EFFF9CAB860}"
EndProject
Global
	GlobalSection(SolutionConfigurationPlatforms) = preSolution
		Debug|Any CPU = Debug|Any CPU
		Release|Any CPU = Release|Any CPU
	EndGlobalSection
	GlobalSection(ProjectConfigurationPlatforms) = postSolution
		{7FB8EC25-B002-B45A-06BF-1EFFF9CAB860}.Debug|Any CPU.ActiveCfg = Debug|Any CPU
		{7FB8EC25-B002-B45A-06BF-1EFFF9CAB860}.Debug|Any CPU.Build.0 = Debug|Any CPU
		{7FB8EC25-B002-B45A-06BF-1EFFF9CAB860}.Release|Any CPU.ActiveCfg = Release|Any CPU
		{7FB8EC25-B002-B45A-06BF-1EFFF9CAB860}.Release|Any CPU.Build.0 = Release|Any CPU
	EndGlobalSection
	GlobalSection(SolutionProperties) = preSolution
		HideSolutionNode = FALSE
	EndGlobalSection
	GlobalSection(ExtensibilityGlobals) = postSolution
		SolutionGuid = {657843AB-4140-466C-BA8C-D99356B5B824}
	EndGlobalSection
EndGlobal
