Microsoft Visual Studio Solution File, Format Version 12.00
# Visual Studio Version 17
VisualStudioVersion = 17.5.2.0
MinimumVisualStudioVersion = 10.0.40219.1
Project("{FAE04EC0-301F-11D3-BF4B-00C04F79EFBC}") = "(2.5)AverageOfSquaresPart8", "(2.5)AverageOfSquaresPart8.csproj", "{852949D1-D240-2567-9EC1-9465AF2964E4}"
EndProject
Global
	GlobalSection(SolutionConfigurationPlatforms) = preSolution
		Debug|Any CPU = Debug|Any CPU
		Release|Any CPU = Release|Any CPU
	EndGlobalSection
	GlobalSection(ProjectConfigurationPlatforms) = postSolution
		{852949D1-D240-2567-9EC1-9465AF2964E4}.Debug|Any CPU.ActiveCfg = Debug|Any CPU
		{852949D1-D240-2567-9EC1-9465AF2964E4}.Debug|Any CPU.Build.0 = Debug|Any CPU
		{852949D1-D240-2567-9EC1-9465AF2964E4}.Release|Any CPU.ActiveCfg = Release|Any CPU
		{852949D1-D240-2567-9EC1-9465AF2964E4}.Release|Any CPU.Build.0 = Release|Any CPU
	EndGlobalSection
	GlobalSection(SolutionProperties) = preSolution
		HideSolutionNode = FALSE
	EndGlobalSection
	GlobalSection(ExtensibilityGlobals) = postSolution
		SolutionGuid = {F3A14609-3F5C-4A9A-8C58-69627D9B7586}
	EndGlobalSection
EndGlobal
