Microsoft Visual Studio Solution File, Format Version 12.00
# Visual Studio Version 17
VisualStudioVersion = 17.5.2.0
MinimumVisualStudioVersion = 10.0.40219.1
Project("{FAE04EC0-301F-11D3-BF4B-00C04F79EFBC}") = "(2.10)Part3A", "(2.10)Part3A.csproj", "{C8B4A7B2-6E85-3554-FB7E-FBAD85AB7177}"
EndProject
Global
	GlobalSection(SolutionConfigurationPlatforms) = preSolution
		Debug|Any CPU = Debug|Any CPU
		Release|Any CPU = Release|Any CPU
	EndGlobalSection
	GlobalSection(ProjectConfigurationPlatforms) = postSolution
		{C8B4A7B2-6E85-3554-FB7E-FBAD85AB7177}.Debug|Any CPU.ActiveCfg = Debug|Any CPU
		{C8B4A7B2-6E85-3554-FB7E-FBAD85AB7177}.Debug|Any CPU.Build.0 = Debug|Any CPU
		{C8B4A7B2-6E85-3554-FB7E-FBAD85AB7177}.Release|Any CPU.ActiveCfg = Release|Any CPU
		{C8B4A7B2-6E85-3554-FB7E-FBAD85AB7177}.Release|Any CPU.Build.0 = Release|Any CPU
	EndGlobalSection
	GlobalSection(SolutionProperties) = preSolution
		HideSolutionNode = FALSE
	EndGlobalSection
	GlobalSection(ExtensibilityGlobals) = postSolution
		SolutionGuid = {DCF8E00B-93AC-41B8-BC1D-AE3EAFC1A6BA}
	EndGlobalSection
EndGlobal
