Microsoft Visual Studio Solution File, Format Version 12.00
# Visual Studio Version 17
VisualStudioVersion = 17.5.2.0
MinimumVisualStudioVersion = 10.0.40219.1
Project("{FAE04EC0-301F-11D3-BF4B-00C04F79EFBC}") = "(2.5)CToFPart2", "(2.5)CToFPart2.csproj", "{91F93307-7A84-4D1D-BBE0-C37C4317F35C}"
EndProject
Global
	GlobalSection(SolutionConfigurationPlatforms) = preSolution
		Debug|Any CPU = Debug|Any CPU
		Release|Any CPU = Release|Any CPU
	EndGlobalSection
	GlobalSection(ProjectConfigurationPlatforms) = postSolution
		{91F93307-7A84-4D1D-BBE0-C37C4317F35C}.Debug|Any CPU.ActiveCfg = Debug|Any CPU
		{91F93307-7A84-4D1D-BBE0-C37C4317F35C}.Debug|Any CPU.Build.0 = Debug|Any CPU
		{91F93307-7A84-4D1D-BBE0-C37C4317F35C}.Release|Any CPU.ActiveCfg = Release|Any CPU
		{91F93307-7A84-4D1D-BBE0-C37C4317F35C}.Release|Any CPU.Build.0 = Release|Any CPU
	EndGlobalSection
	GlobalSection(SolutionProperties) = preSolution
		HideSolutionNode = FALSE
	EndGlobalSection
	GlobalSection(ExtensibilityGlobals) = postSolution
		SolutionGuid = {9DADDB52-8B89-448E-8CA9-CECCAC42B41D}
	EndGlobalSection
EndGlobal
