
Microsoft Visual Studio Solution File, Format Version 12.00
# Visual Studio Version 17
VisualStudioVersion = 17.0.31903.59
MinimumVisualStudioVersion = 10.0.40219.1
Project("{FAE04EC0-301F-11D3-BF4B-00C04F79EFBC}") = "S18con", "S18con\S18con.csproj", "{133D4183-E0C1-47E5-8A80-8DE1E93A9926}"
EndProject
Project("{FAE04EC0-301F-11D3-BF4B-00C04F79EFBC}") = "S18con.Test", "S18con.Test\S18con.Test.csproj", "{29C7AC45-4158-4486-8A92-D07626B9E315}"
EndProject
Global
	GlobalSection(SolutionConfigurationPlatforms) = preSolution
		Debug|Any CPU = Debug|Any CPU
		Debug|x64 = Debug|x64
		Debug|x86 = Debug|x86
		Release|Any CPU = Release|Any CPU
		Release|x64 = Release|x64
		Release|x86 = Release|x86
	EndGlobalSection
	GlobalSection(ProjectConfigurationPlatforms) = postSolution
		{133D4183-E0C1-47E5-8A80-8DE1E93A9926}.Debug|Any CPU.ActiveCfg = Debug|Any CPU
		{133D4183-E0C1-47E5-8A80-8DE1E93A9926}.Debug|Any CPU.Build.0 = Debug|Any CPU
		{133D4183-E0C1-47E5-8A80-8DE1E93A9926}.Debug|x64.ActiveCfg = Debug|Any CPU
		{133D4183-E0C1-47E5-8A80-8DE1E93A9926}.Debug|x64.Build.0 = Debug|Any CPU
		{133D4183-E0C1-47E5-8A80-8DE1E93A9926}.Debug|x86.ActiveCfg = Debug|Any CPU
		{133D4183-E0C1-47E5-8A80-8DE1E93A9926}.Debug|x86.Build.0 = Debug|Any CPU
		{133D4183-E0C1-47E5-8A80-8DE1E93A9926}.Release|Any CPU.ActiveCfg = Release|Any CPU
		{133D4183-E0C1-47E5-8A80-8DE1E93A9926}.Release|Any CPU.Build.0 = Release|Any CPU
		{133D4183-E0C1-47E5-8A80-8DE1E93A9926}.Release|x64.ActiveCfg = Release|Any CPU
		{133D4183-E0C1-47E5-8A80-8DE1E93A9926}.Release|x64.Build.0 = Release|Any CPU
		{133D4183-E0C1-47E5-8A80-8DE1E93A9926}.Release|x86.ActiveCfg = Release|Any CPU
		{133D4183-E0C1-47E5-8A80-8DE1E93A9926}.Release|x86.Build.0 = Release|Any CPU
		{29C7AC45-4158-4486-8A92-D07626B9E315}.Debug|Any CPU.ActiveCfg = Debug|Any CPU
		{29C7AC45-4158-4486-8A92-D07626B9E315}.Debug|Any CPU.Build.0 = Debug|Any CPU
		{29C7AC45-4158-4486-8A92-D07626B9E315}.Debug|x64.ActiveCfg = Debug|Any CPU
		{29C7AC45-4158-4486-8A92-D07626B9E315}.Debug|x64.Build.0 = Debug|Any CPU
		{29C7AC45-4158-4486-8A92-D07626B9E315}.Debug|x86.ActiveCfg = Debug|Any CPU
		{29C7AC45-4158-4486-8A92-D07626B9E315}.Debug|x86.Build.0 = Debug|Any CPU
		{29C7AC45-4158-4486-8A92-D07626B9E315}.Release|Any CPU.ActiveCfg = Release|Any CPU
		{29C7AC45-4158-4486-8A92-D07626B9E315}.Release|Any CPU.Build.0 = Release|Any CPU
		{29C7AC45-4158-4486-8A92-D07626B9E315}.Release|x64.ActiveCfg = Release|Any CPU
		{29C7AC45-4158-4486-8A92-D07626B9E315}.Release|x64.Build.0 = Release|Any CPU
		{29C7AC45-4158-4486-8A92-D07626B9E315}.Release|x86.ActiveCfg = Release|Any CPU
		{29C7AC45-4158-4486-8A92-D07626B9E315}.Release|x86.Build.0 = Release|Any CPU
	EndGlobalSection
	GlobalSection(SolutionProperties) = preSolution
		HideSolutionNode = FALSE
	EndGlobalSection
EndGlobal
